// !$*UTF8*$!
{
	archiveVersion = 1;
	classes = {
	};
	objectVersion = 50;
	objects = {

/* Begin PBXBuildFile section */
		3628316122AB13BE000FBB4D /* SearchResult.swift in Sources */ = {isa = PBXBuildFile; fileRef = 3628316022AB13BE000FBB4D /* SearchResult.swift */; };
		362F2DD222A61943009D1CD4 /* AppsSearchController.swift in Sources */ = {isa = PBXBuildFile; fileRef = 362F2DD122A61943009D1CD4 /* AppsSearchController.swift */; };
		36A5FD7122A49144000586ED /* AppDelegate.swift in Sources */ = {isa = PBXBuildFile; fileRef = 36A5FD7022A49144000586ED /* AppDelegate.swift */; };
		36A5FD7322A49144000586ED /* ViewController.swift in Sources */ = {isa = PBXBuildFile; fileRef = 36A5FD7222A49144000586ED /* ViewController.swift */; };
		36A5FD7622A49144000586ED /* Main.storyboard in Resources */ = {isa = PBXBuildFile; fileRef = 36A5FD7422A49144000586ED /* Main.storyboard */; };
		36A5FD7822A49145000586ED /* Assets.xcassets in Resources */ = {isa = PBXBuildFile; fileRef = 36A5FD7722A49145000586ED /* Assets.xcassets */; };
		36A5FD7B22A49145000586ED /* LaunchScreen.storyboard in Resources */ = {isa = PBXBuildFile; fileRef = 36A5FD7922A49145000586ED /* LaunchScreen.storyboard */; };
		36A5FD8322A491BA000586ED /* MainTabBarController.swift in Sources */ = {isa = PBXBuildFile; fileRef = 36A5FD8222A491BA000586ED /* MainTabBarController.swift */; };
		36A90FCC22AA1144004B2329 /* UIView+Layout.swift in Sources */ = {isa = PBXBuildFile; fileRef = 36A90FCB22AA1144004B2329 /* UIView+Layout.swift */; };
		36B73CF522A75FCE00DD4056 /* SearchResultCell.swift in Sources */ = {isa = PBXBuildFile; fileRef = 36B73CF422A75FCE00DD4056 /* SearchResultCell.swift */; };
		36CBCCA022AA17CA006C034C /* VerticalStackView.swift in Sources */ = {isa = PBXBuildFile; fileRef = 36CBCC9F22AA17CA006C034C /* VerticalStackView.swift */; };
/* End PBXBuildFile section */

/* Begin PBXFileReference section */
		3628316022AB13BE000FBB4D /* SearchResult.swift */ = {isa = PBXFileReference; lastKnownFileType = sourcecode.swift; path = SearchResult.swift; sourceTree = "<group>"; };
		362F2DD122A61943009D1CD4 /* AppsSearchController.swift */ = {isa = PBXFileReference; lastKnownFileType = sourcecode.swift; path = AppsSearchController.swift; sourceTree = "<group>"; };
		36A5FD6D22A49144000586ED /* Dark Store.app */ = {isa = PBXFileReference; explicitFileType = wrapper.application; includeInIndex = 0; path = "Dark Store.app"; sourceTree = BUILT_PRODUCTS_DIR; };
		36A5FD7022A49144000586ED /* AppDelegate.swift */ = {isa = PBXFileReference; lastKnownFileType = sourcecode.swift; path = AppDelegate.swift; sourceTree = "<group>"; };
		36A5FD7222A49144000586ED /* ViewController.swift */ = {isa = PBXFileReference; lastKnownFileType = sourcecode.swift; path = ViewController.swift; sourceTree = "<group>"; };
		36A5FD7522A49144000586ED /* Base */ = {isa = PBXFileReference; lastKnownFileType = file.storyboard; name = Base; path = Base.lproj/Main.storyboard; sourceTree = "<group>"; };
		36A5FD7722A49145000586ED /* Assets.xcassets */ = {isa = PBXFileReference; lastKnownFileType = folder.assetcatalog; path = Assets.xcassets; sourceTree = "<group>"; };
		36A5FD7A22A49145000586ED /* Base */ = {isa = PBXFileReference; lastKnownFileType = file.storyboard; name = Base; path = Base.lproj/LaunchScreen.storyboard; sourceTree = "<group>"; };
		36A5FD7C22A49145000586ED /* Info.plist */ = {isa = PBXFileReference; lastKnownFileType = text.plist.xml; path = Info.plist; sourceTree = "<group>"; };
		36A5FD8222A491BA000586ED /* MainTabBarController.swift */ = {isa = PBXFileReference; lastKnownFileType = sourcecode.swift; path = MainTabBarController.swift; sourceTree = "<group>"; };
		36A90FCB22AA1144004B2329 /* UIView+Layout.swift */ = {isa = PBXFileReference; fileEncoding = 4; lastKnownFileType = sourcecode.swift; path = "UIView+Layout.swift"; sourceTree = "<group>"; };
		36B73CF422A75FCE00DD4056 /* SearchResultCell.swift */ = {isa = PBXFileReference; lastKnownFileType = sourcecode.swift; path = SearchResultCell.swift; sourceTree = "<group>"; };
		36CBCC9F22AA17CA006C034C /* VerticalStackView.swift */ = {isa = PBXFileReference; lastKnownFileType = sourcecode.swift; path = VerticalStackView.swift; sourceTree = "<group>"; };
/* End PBXFileReference section */

/* Begin PBXFrameworksBuildPhase section */
		36A5FD6A22A49144000586ED /* Frameworks */ = {
			isa = PBXFrameworksBuildPhase;
			buildActionMask = 2147483647;
			files = (
			);
			runOnlyForDeploymentPostprocessing = 0;
		};
/* End PBXFrameworksBuildPhase section */

/* Begin PBXGroup section */
		3628315F22AB13AA000FBB4D /* Model */ = {
			isa = PBXGroup;
			children = (
				3628316022AB13BE000FBB4D /* SearchResult.swift */,
			);
			path = Model;
			sourceTree = "<group>";
		};
		362F2DCE22A618C0009D1CD4 /* Controller */ = {
			isa = PBXGroup;
			children = (
				36A5FD8222A491BA000586ED /* MainTabBarController.swift */,
				362F2DD122A61943009D1CD4 /* AppsSearchController.swift */,
			);
			path = Controller;
			sourceTree = "<group>";
		};
		36A5FD6422A49144000586ED = {
			isa = PBXGroup;
			children = (
				36A5FD6F22A49144000586ED /* Dark Store */,
				36A5FD6E22A49144000586ED /* Products */,
			);
			sourceTree = "<group>";
		};
		36A5FD6E22A49144000586ED /* Products */ = {
			isa = PBXGroup;
			children = (
				36A5FD6D22A49144000586ED /* Dark Store.app */,
			);
			name = Products;
			sourceTree = "<group>";
		};
		36A5FD6F22A49144000586ED /* Dark Store */ = {
			isa = PBXGroup;
			children = (
				3628315F22AB13AA000FBB4D /* Model */,
				36B73CF322A75FB300DD4056 /* Views */,
				362F2DCE22A618C0009D1CD4 /* Controller */,
				36A90FCA22AA10FA004B2329 /* Helpers */,
				36A5FD7022A49144000586ED /* AppDelegate.swift */,
				36A5FD7222A49144000586ED /* ViewController.swift */,
				36A5FD7422A49144000586ED /* Main.storyboard */,
				36A5FD7722A49145000586ED /* Assets.xcassets */,
				36A5FD7922A49145000586ED /* LaunchScreen.storyboard */,
				36A5FD7C22A49145000586ED /* Info.plist */,
			);
			path = "Dark Store";
			sourceTree = "<group>";
		};
		36A90FCA22AA10FA004B2329 /* Helpers */ = {
			isa = PBXGroup;
			children = (
				36A90FCB22AA1144004B2329 /* UIView+Layout.swift */,
				36CBCC9F22AA17CA006C034C /* VerticalStackView.swift */,
			);
			path = Helpers;
			sourceTree = "<group>";
		};
		36B73CF322A75FB300DD4056 /* Views */ = {
			isa = PBXGroup;
			children = (
				36B73CF422A75FCE00DD4056 /* SearchResultCell.swift */,
			);
			path = Views;
			sourceTree = "<group>";
		};
/* End PBXGroup section */

/* Begin PBXNativeTarget section */
		36A5FD6C22A49144000586ED /* Dark Store */ = {
			isa = PBXNativeTarget;
			buildConfigurationList = 36A5FD7F22A49145000586ED /* Build configuration list for PBXNativeTarget "Dark Store" */;
			buildPhases = (
				36A5FD6922A49144000586ED /* Sources */,
				36A5FD6A22A49144000586ED /* Frameworks */,
				36A5FD6B22A49144000586ED /* Resources */,
			);
			buildRules = (
			);
			dependencies = (
			);
			name = "Dark Store";
			productName = "Dark Store";
			productReference = 36A5FD6D22A49144000586ED /* Dark Store.app */;
			productType = "com.apple.product-type.application";
		};
/* End PBXNativeTarget section */

/* Begin PBXProject section */
		36A5FD6522A49144000586ED /* Project object */ = {
			isa = PBXProject;
			attributes = {
				LastSwiftUpdateCheck = 1020;
				LastUpgradeCheck = 1020;
				ORGANIZATIONNAME = GeeTeam;
				TargetAttributes = {
					36A5FD6C22A49144000586ED = {
						CreatedOnToolsVersion = 10.2.1;
					};
				};
			};
			buildConfigurationList = 36A5FD6822A49144000586ED /* Build configuration list for PBXProject "Dark Store" */;
			compatibilityVersion = "Xcode 9.3";
			developmentRegion = en;
			hasScannedForEncodings = 0;
			knownRegions = (
				en,
				Base,
			);
			mainGroup = 36A5FD6422A49144000586ED;
			productRefGroup = 36A5FD6E22A49144000586ED /* Products */;
			projectDirPath = "";
			projectRoot = "";
			targets = (
				36A5FD6C22A49144000586ED /* Dark Store */,
			);
		};
/* End PBXProject section */

/* Begin PBXResourcesBuildPhase section */
		36A5FD6B22A49144000586ED /* Resources */ = {
			isa = PBXResourcesBuildPhase;
			buildActionMask = 2147483647;
			files = (
				36A5FD7B22A49145000586ED /* LaunchScreen.storyboard in Resources */,
				36A5FD7822A49145000586ED /* Assets.xcassets in Resources */,
				36A5FD7622A49144000586ED /* Main.storyboard in Resources */,
			);
			runOnlyForDeploymentPostprocessing = 0;
		};
/* End PBXResourcesBuildPhase section */

/* Begin PBXSourcesBuildPhase section */
		36A5FD6922A49144000586ED /* Sources */ = {
			isa = PBXSourcesBuildPhase;
			buildActionMask = 2147483647;
			files = (
				36A5FD7322A49144000586ED /* ViewController.swift in Sources */,
				36A5FD7122A49144000586ED /* AppDelegate.swift in Sources */,
				3628316122AB13BE000FBB4D /* SearchResult.swift in Sources */,
				36A90FCC22AA1144004B2329 /* UIView+Layout.swift in Sources */,
				36A5FD8322A491BA000586ED /* MainTabBarController.swift in Sources */,
				362F2DD222A61943009D1CD4 /* AppsSearchController.swift in Sources */,
				36B73CF522A75FCE00DD4056 /* SearchResultCell.swift in Sources */,
				36CBCCA022AA17CA006C034C /* VerticalStackView.swift in Sources */,
			);
			runOnlyForDeploymentPostprocessing = 0;
		};
/* End PBXSourcesBuildPhase section */

/* Begin PBXVariantGroup section */
		36A5FD7422A49144000586ED /* Main.storyboard */ = {
			isa = PBXVariantGroup;
			children = (
				36A5FD7522A49144000586ED /* Base */,
			);
			name = Main.storyboard;
			sourceTree = "<group>";
		};
		36A5FD7922A49145000586ED /* LaunchScreen.storyboard */ = {
			isa = PBXVariantGroup;
			children = (
				36A5FD7A22A49145000586ED /* Base */,
			);
			name = LaunchScreen.storyboard;
			sourceTree = "<group>";
		};
/* End PBXVariantGroup section */

/* Begin XCBuildConfiguration section */
		36A5FD7D22A49145000586ED /* Debug */ = {
			isa = XCBuildConfiguration;
			buildSettings = {
				ALWAYS_SEARCH_USER_PATHS = NO;
				CLANG_ANALYZER_NONNULL = YES;
				CLANG_ANALYZER_NUMBER_OBJECT_CONVERSION = YES_AGGRESSIVE;
				CLANG_CXX_LANGUAGE_STANDARD = "gnu++14";
				CLANG_CXX_LIBRARY = "libc++";
				CLANG_ENABLE_MODULES = YES;
				CLANG_ENABLE_OBJC_ARC = YES;
				CLANG_ENABLE_OBJC_WEAK = YES;
				CLANG_WARN_BLOCK_CAPTURE_AUTORELEASING = YES;
				CLANG_WARN_BOOL_CONVERSION = YES;
				CLANG_WARN_COMMA = YES;
				CLANG_WARN_CONSTANT_CONVERSION = YES;
				CLANG_WARN_DEPRECATED_OBJC_IMPLEMENTATIONS = YES;
				CLANG_WARN_DIRECT_OBJC_ISA_USAGE = YES_ERROR;
				CLANG_WARN_DOCUMENTATION_COMMENTS = YES;
				CLANG_WARN_EMPTY_BODY = YES;
				CLANG_WARN_ENUM_CONVERSION = YES;
				CLANG_WARN_INFINITE_RECURSION = YES;
				CLANG_WARN_INT_CONVERSION = YES;
				CLANG_WARN_NON_LITERAL_NULL_CONVERSION = YES;
				CLANG_WARN_OBJC_IMPLICIT_RETAIN_SELF = YES;
				CLANG_WARN_OBJC_LITERAL_CONVERSION = YES;
				CLANG_WARN_OBJC_ROOT_CLASS = YES_ERROR;
				CLANG_WARN_RANGE_LOOP_ANALYSIS = YES;
				CLANG_WARN_STRICT_PROTOTYPES = YES;
				CLANG_WARN_SUSPICIOUS_MOVE = YES;
				CLANG_WARN_UNGUARDED_AVAILABILITY = YES_AGGRESSIVE;
				CLANG_WARN_UNREACHABLE_CODE = YES;
				CLANG_WARN__DUPLICATE_METHOD_MATCH = YES;
				CODE_SIGN_IDENTITY = "iPhone Developer";
				COPY_PHASE_STRIP = NO;
				DEBUG_INFORMATION_FORMAT = dwarf;
				ENABLE_STRICT_OBJC_MSGSEND = YES;
				ENABLE_TESTABILITY = YES;
				GCC_C_LANGUAGE_STANDARD = gnu11;
				GCC_DYNAMIC_NO_PIC = NO;
				GCC_NO_COMMON_BLOCKS = YES;
				GCC_OPTIMIZATION_LEVEL = 0;
				GCC_PREPROCESSOR_DEFINITIONS = (
					"DEBUG=1",
					"$(inherited)",
				);
				GCC_WARN_64_TO_32_BIT_CONVERSION = YES;
				GCC_WARN_ABOUT_RETURN_TYPE = YES_ERROR;
				GCC_WARN_UNDECLARED_SELECTOR = YES;
				GCC_WARN_UNINITIALIZED_AUTOS = YES_AGGRESSIVE;
				GCC_WARN_UNUSED_FUNCTION = YES;
				GCC_WARN_UNUSED_VARIABLE = YES;
				IPHONEOS_DEPLOYMENT_TARGET = 12.2;
				MTL_ENABLE_DEBUG_INFO = INCLUDE_SOURCE;
				MTL_FAST_MATH = YES;
				ONLY_ACTIVE_ARCH = YES;
				SDKROOT = iphoneos;
				SWIFT_ACTIVE_COMPILATION_CONDITIONS = DEBUG;
				SWIFT_OPTIMIZATION_LEVEL = "-Onone";
			};
			name = Debug;
		};
		36A5FD7E22A49145000586ED /* Release */ = {
			isa = XCBuildConfiguration;
			buildSettings = {
				ALWAYS_SEARCH_USER_PATHS = NO;
				CLANG_ANALYZER_NONNULL = YES;
				CLANG_ANALYZER_NUMBER_OBJECT_CONVERSION = YES_AGGRESSIVE;
				CLANG_CXX_LANGUAGE_STANDARD = "gnu++14";
				CLANG_CXX_LIBRARY = "libc++";
				CLANG_ENABLE_MODULES = YES;
				CLANG_ENABLE_OBJC_ARC = YES;
				CLANG_ENABLE_OBJC_WEAK = YES;
				CLANG_WARN_BLOCK_CAPTURE_AUTORELEASING = YES;
				CLANG_WARN_BOOL_CONVERSION = YES;
				CLANG_WARN_COMMA = YES;
				CLANG_WARN_CONSTANT_CONVERSION = YES;
				CLANG_WARN_DEPRECATED_OBJC_IMPLEMENTATIONS = YES;
				CLANG_WARN_DIRECT_OBJC_ISA_USAGE = YES_ERROR;
				CLANG_WARN_DOCUMENTATION_COMMENTS = YES;
				CLANG_WARN_EMPTY_BODY = YES;
				CLANG_WARN_ENUM_CONVERSION = YES;
				CLANG_WARN_INFINITE_RECURSION = YES;
				CLANG_WARN_INT_CONVERSION = YES;
				CLANG_WARN_NON_LITERAL_NULL_CONVERSION = YES;
				CLANG_WARN_OBJC_IMPLICIT_RETAIN_SELF = YES;
				CLANG_WARN_OBJC_LITERAL_CONVERSION = YES;
				CLANG_WARN_OBJC_ROOT_CLASS = YES_ERROR;
				CLANG_WARN_RANGE_LOOP_ANALYSIS = YES;
				CLANG_WARN_STRICT_PROTOTYPES = YES;
				CLANG_WARN_SUSPICIOUS_MOVE = YES;
				CLANG_WARN_UNGUARDED_AVAILABILITY = YES_AGGRESSIVE;
				CLANG_WARN_UNREACHABLE_CODE = YES;
				CLANG_WARN__DUPLICATE_METHOD_MATCH = YES;
				CODE_SIGN_IDENTITY = "iPhone Developer";
				COPY_PHASE_STRIP = NO;
				DEBUG_INFORMATION_FORMAT = "dwarf-with-dsym";
				ENABLE_NS_ASSERTIONS = NO;
				ENABLE_STRICT_OBJC_MSGSEND = YES;
				GCC_C_LANGUAGE_STANDARD = gnu11;
				GCC_NO_COMMON_BLOCKS = YES;
				GCC_WARN_64_TO_32_BIT_CONVERSION = YES;
				GCC_WARN_ABOUT_RETURN_TYPE = YES_ERROR;
				GCC_WARN_UNDECLARED_SELECTOR = YES;
				GCC_WARN_UNINITIALIZED_AUTOS = YES_AGGRESSIVE;
				GCC_WARN_UNUSED_FUNCTION = YES;
				GCC_WARN_UNUSED_VARIABLE = YES;
				IPHONEOS_DEPLOYMENT_TARGET = 12.2;
				MTL_ENABLE_DEBUG_INFO = NO;
				MTL_FAST_MATH = YES;
				SDKROOT = iphoneos;
				SWIFT_COMPILATION_MODE = wholemodule;
				SWIFT_OPTIMIZATION_LEVEL = "-O";
				VALIDATE_PRODUCT = YES;
			};
			name = Release;
		};
		36A5FD8022A49145000586ED /* Debug */ = {
			isa = XCBuildConfiguration;
			buildSettings = {
				ASSETCATALOG_COMPILER_APPICON_NAME = AppIcon;
				CODE_SIGN_STYLE = Automatic;
				DEVELOPMENT_TEAM = 2WCCWSFG99;
				INFOPLIST_FILE = "Dark Store/Info.plist";
				IPHONEOS_DEPLOYMENT_TARGET = 12.0;
				LD_RUNPATH_SEARCH_PATHS = (
					"$(inherited)",
					"@executable_path/Frameworks",
				);
				PRODUCT_BUNDLE_IDENTIFIER = "com.GeeTeam.Dark-Store";
				PRODUCT_NAME = "$(TARGET_NAME)";
				SWIFT_VERSION = 5.0;
				TARGETED_DEVICE_FAMILY = "1,2";
			};
			name = Debug;
		};
		36A5FD8122A49145000586ED /* Release */ = {
			isa = XCBuildConfiguration;
			buildSettings = {
				ASSETCATALOG_COMPILER_APPICON_NAME = AppIcon;
				CODE_SIGN_STYLE = Automatic;
				DEVELOPMENT_TEAM = 2WCCWSFG99;
				INFOPLIST_FILE = "Dark Store/Info.plist";
				IPHONEOS_DEPLOYMENT_TARGET = 12.0;
				LD_RUNPATH_SEARCH_PATHS = (
					"$(inherited)",
					"@executable_path/Frameworks",
				);
				PRODUCT_BUNDLE_IDENTIFIER = "com.GeeTeam.Dark-Store";
				PRODUCT_NAME = "$(TARGET_NAME)";
				SWIFT_VERSION = 5.0;
				TARGETED_DEVICE_FAMILY = "1,2";
			};
			name = Release;
		};
/* End XCBuildConfiguration section */

/* Begin XCConfigurationList section */
		36A5FD6822A49144000586ED /* Build configuration list for PBXProject "Dark Store" */ = {
			isa = XCConfigurationList;
			buildConfigurations = (
				36A5FD7D22A49145000586ED /* Debug */,
				36A5FD7E22A49145000586ED /* Release */,
			);
			defaultConfigurationIsVisible = 0;
			defaultConfigurationName = Release;
		};
		36A5FD7F22A49145000586ED /* Build configuration list for PBXNativeTarget "Dark Store" */ = {
			isa = XCConfigurationList;
			buildConfigurations = (
				36A5FD8022A49145000586ED /* Debug */,
				36A5FD8122A49145000586ED /* Release */,
			);
			defaultConfigurationIsVisible = 0;
			defaultConfigurationName = Release;
		};
/* End XCConfigurationList section */
	};
	rootObject = 36A5FD6522A49144000586ED /* Project object */;
}
